// !$*UTF8*$!
{
	archiveVersion = 1;
	classes = {
	};
	objectVersion = 50;
	objects = {

/* Begin PBXBuildFile section */
		234844FA29B09A1400B714B1 /* AppDelegate.swift in Sources */ = {isa = PBXBuildFile; fileRef = 234844F929B09A1400B714B1 /* AppDelegate.swift */; };
		234844FC29B09A1400B714B1 /* ViewController.swift in Sources */ = {isa = PBXBuildFile; fileRef = 234844FB29B09A1400B714B1 /* ViewController.swift */; };
		234844FF29B09A1400B714B1 /* Main.storyboard in Resources */ = {isa = PBXBuildFile; fileRef = 234844FD29B09A1400B714B1 /* Main.storyboard */; };
		2348450129B09A1B00B714B1 /* Assets.xcassets in Resources */ = {isa = PBXBuildFile; fileRef = 2348450029B09A1B00B714B1 /* Assets.xcassets */; };
		2348450429B09A1B00B714B1 /* LaunchScreen.storyboard in Resources */ = {isa = PBXBuildFile; fileRef = 2348450229B09A1B00B714B1 /* LaunchScreen.storyboard */; };
		2348450C29B0CA0E00B714B1 /* LoginViewController.swift in Sources */ = {isa = PBXBuildFile; fileRef = 2348450B29B0CA0E00B714B1 /* LoginViewController.swift */; };
		2351491C29C187C700549A4F /* CourseDetialViewController.swift in Sources */ = {isa = PBXBuildFile; fileRef = 2351491B29C187C700549A4F /* CourseDetialViewController.swift */; };
		23529CD129B1C7C900A02999 /* TableViewController.swift in Sources */ = {isa = PBXBuildFile; fileRef = 23529CD029B1C7C900A02999 /* TableViewController.swift */; };
/* End PBXBuildFile section */

/* Begin PBXFileReference section */
		234844F629B09A1400B714B1 /* LiveAPILogin.app */ = {isa = PBXFileReference; explicitFileType = wrapper.application; includeInIndex = 0; path = LiveAPILogin.app; sourceTree = BUILT_PRODUCTS_DIR; };
		234844F929B09A1400B714B1 /* AppDelegate.swift */ = {isa = PBXFileReference; lastKnownFileType = sourcecode.swift; path = AppDelegate.swift; sourceTree = "<group>"; };
		234844FB29B09A1400B714B1 /* ViewController.swift */ = {isa = PBXFileReference; lastKnownFileType = sourcecode.swift; path = ViewController.swift; sourceTree = "<group>"; };
		234844FE29B09A1400B714B1 /* Base */ = {isa = PBXFileReference; lastKnownFileType = file.storyboard; name = Base; path = Base.lproj/Main.storyboard; sourceTree = "<group>"; };
		2348450029B09A1B00B714B1 /* Assets.xcassets */ = {isa = PBXFileReference; lastKnownFileType = folder.assetcatalog; path = Assets.xcassets; sourceTree = "<group>"; };
		2348450329B09A1B00B714B1 /* Base */ = {isa = PBXFileReference; lastKnownFileType = file.storyboard; name = Base; path = Base.lproj/LaunchScreen.storyboard; sourceTree = "<group>"; };
		2348450529B09A1B00B714B1 /* Info.plist */ = {isa = PBXFileReference; lastKnownFileType = text.plist.xml; path = Info.plist; sourceTree = "<group>"; };
		2348450B29B0CA0E00B714B1 /* LoginViewController.swift */ = {isa = PBXFileReference; lastKnownFileType = sourcecode.swift; path = LoginViewController.swift; sourceTree = "<group>"; };
		2351491B29C187C700549A4F /* CourseDetialViewController.swift */ = {isa = PBXFileReference; lastKnownFileType = sourcecode.swift; path = CourseDetialViewController.swift; sourceTree = "<group>"; };
		23529CD029B1C7C900A02999 /* TableViewController.swift */ = {isa = PBXFileReference; lastKnownFileType = sourcecode.swift; path = TableViewController.swift; sourceTree = "<group>"; };
/* End PBXFileReference section */

/* Begin PBXFrameworksBuildPhase section */
		234844F329B09A1400B714B1 /* Frameworks */ = {
			isa = PBXFrameworksBuildPhase;
			buildActionMask = 2147483647;
			files = (
			);
			runOnlyForDeploymentPostprocessing = 0;
		};
/* End PBXFrameworksBuildPhase section */

/* Begin PBXGroup section */
		234844ED29B09A1400B714B1 = {
			isa = PBXGroup;
			children = (
				234844F829B09A1400B714B1 /* LiveAPILogin */,
				234844F729B09A1400B714B1 /* Products */,
			);
			sourceTree = "<group>";
		};
		234844F729B09A1400B714B1 /* Products */ = {
			isa = PBXGroup;
			children = (
				234844F629B09A1400B714B1 /* LiveAPILogin.app */,
			);
			name = Products;
			sourceTree = "<group>";
		};
		234844F829B09A1400B714B1 /* LiveAPILogin */ = {
			isa = PBXGroup;
			children = (
				234844F929B09A1400B714B1 /* AppDelegate.swift */,
				234844FB29B09A1400B714B1 /* ViewController.swift */,
				23529CD029B1C7C900A02999 /* TableViewController.swift */,
				2348450B29B0CA0E00B714B1 /* LoginViewController.swift */,
				2351491B29C187C700549A4F /* CourseDetialViewController.swift */,
				234844FD29B09A1400B714B1 /* Main.storyboard */,
				2348450029B09A1B00B714B1 /* Assets.xcassets */,
				2348450229B09A1B00B714B1 /* LaunchScreen.storyboard */,
				2348450529B09A1B00B714B1 /* Info.plist */,
			);
			path = LiveAPILogin;
			sourceTree = "<group>";
		};
/* End PBXGroup section */

/* Begin PBXNativeTarget section */
		234844F529B09A1400B714B1 /* LiveAPILogin */ = {
			isa = PBXNativeTarget;
			buildConfigurationList = 2348450829B09A1B00B714B1 /* Build configuration list for PBXNativeTarget "LiveAPILogin" */;
			buildPhases = (
				234844F229B09A1400B714B1 /* Sources */,
				234844F329B09A1400B714B1 /* Frameworks */,
				234844F429B09A1400B714B1 /* Resources */,
			);
			buildRules = (
			);
			dependencies = (
			);
			name = LiveAPILogin;
			productName = LiveAPILogin;
			productReference = 234844F629B09A1400B714B1 /* LiveAPILogin.app */;
			productType = "com.apple.product-type.application";
		};
/* End PBXNativeTarget section */

/* Begin PBXProject section */
		234844EE29B09A1400B714B1 /* Project object */ = {
			isa = PBXProject;
			attributes = {
				LastSwiftUpdateCheck = 1020;
				LastUpgradeCheck = 1020;
				ORGANIZATIONNAME = scs;
				TargetAttributes = {
					234844F529B09A1400B714B1 = {
						CreatedOnToolsVersion = 10.2.1;
					};
				};
			};
			buildConfigurationList = 234844F129B09A1400B714B1 /* Build configuration list for PBXProject "LiveAPILogin" */;
			compatibilityVersion = "Xcode 9.3";
			developmentRegion = en;
			hasScannedForEncodings = 0;
			knownRegions = (
				en,
				Base,
			);
			mainGroup = 234844ED29B09A1400B714B1;
			productRefGroup = 234844F729B09A1400B714B1 /* Products */;
			projectDirPath = "";
			projectRoot = "";
			targets = (
				234844F529B09A1400B714B1 /* LiveAPILogin */,
			);
		};
/* End PBXProject section */

/* Begin PBXResourcesBuildPhase section */
		234844F429B09A1400B714B1 /* Resources */ = {
			isa = PBXResourcesBuildPhase;
			buildActionMask = 2147483647;
			files = (
				2348450429B09A1B00B714B1 /* LaunchScreen.storyboard in Resources */,
				2348450129B09A1B00B714B1 /* Assets.xcassets in Resources */,
				234844FF29B09A1400B714B1 /* Main.storyboard in Resources */,
			);
			runOnlyForDeploymentPostprocessing = 0;
		};
/* End PBXResourcesBuildPhase section */

/* Begin PBXSourcesBuildPhase section */
		234844F229B09A1400B714B1 /* Sources */ = {
			isa = PBXSourcesBuildPhase;
			buildActionMask = 2147483647;
			files = (
				2348450C29B0CA0E00B714B1 /* LoginViewController.swift in Sources */,
				2351491C29C187C700549A4F /* CourseDetialViewController.swift in Sources */,
				234844FC29B09A1400B714B1 /* ViewController.swift in Sources */,
				234844FA29B09A1400B714B1 /* AppDelegate.swift in Sources */,
				23529CD129B1C7C900A02999 /* TableViewController.swift in Sources */,
			);
			runOnlyForDeploymentPostprocessing = 0;
		};
/* End PBXSourcesBuildPhase section */

/* Begin PBXVariantGroup section */
		234844FD29B09A1400B714B1 /* Main.storyboard */ = {
			isa = PBXVariantGroup;
			children = (
				234844FE29B09A1400B714B1 /* Base */,
			);
			name = Main.storyboard;
			sourceTree = "<group>";
		};
		2348450229B09A1B00B714B1 /* LaunchScreen.storyboard */ = {
			isa = PBXVariantGroup;
			children = (
				2348450329B09A1B00B714B1 /* Base */,
			);
			name = LaunchScreen.storyboard;
			sourceTree = "<group>";
		};
/* End PBXVariantGroup section */

/* Begin XCBuildConfiguration section */
		2348450629B09A1B00B714B1 /* Debug */ = {
			isa = XCBuildConfiguration;
			buildSettings = {
				ALWAYS_SEARCH_USER_PATHS = NO;
				CLANG_ANALYZER_NONNULL = YES;
				CLANG_ANALYZER_NUMBER_OBJECT_CONVERSION = YES_AGGRESSIVE;
				CLANG_CXX_LANGUAGE_STANDARD = "gnu++14";
				CLANG_CXX_LIBRARY = "libc++";
				CLANG_ENABLE_MODULES = YES;
				CLANG_ENABLE_OBJC_ARC = YES;
				CLANG_ENABLE_OBJC_WEAK = YES;
				CLANG_WARN_BLOCK_CAPTURE_AUTORELEASING = YES;
				CLANG_WARN_BOOL_CONVERSION = YES;
				CLANG_WARN_COMMA = YES;
				CLANG_WARN_CONSTANT_CONVERSION = YES;
				CLANG_WARN_DEPRECATED_OBJC_IMPLEMENTATIONS = YES;
				CLANG_WARN_DIRECT_OBJC_ISA_USAGE = YES_ERROR;
				CLANG_WARN_DOCUMENTATION_COMMENTS = YES;
				CLANG_WARN_EMPTY_BODY = YES;
				CLANG_WARN_ENUM_CONVERSION = YES;
				CLANG_WARN_INFINITE_RECURSION = YES;
				CLANG_WARN_INT_CONVERSION = YES;
				CLANG_WARN_NON_LITERAL_NULL_CONVERSION = YES;
				CLANG_WARN_OBJC_IMPLICIT_RETAIN_SELF = YES;
				CLANG_WARN_OBJC_LITERAL_CONVERSION = YES;
				CLANG_WARN_OBJC_ROOT_CLASS = YES_ERROR;
				CLANG_WARN_RANGE_LOOP_ANALYSIS = YES;
				CLANG_WARN_STRICT_PROTOTYPES = YES;
				CLANG_WARN_SUSPICIOUS_MOVE = YES;
				CLANG_WARN_UNGUARDED_AVAILABILITY = YES_AGGRESSIVE;
				CLANG_WARN_UNREACHABLE_CODE = YES;
				CLANG_WARN__DUPLICATE_METHOD_MATCH = YES;
				CODE_SIGN_IDENTITY = "iPhone Developer";
				COPY_PHASE_STRIP = NO;
				DEBUG_INFORMATION_FORMAT = dwarf;
				ENABLE_STRICT_OBJC_MSGSEND = YES;
				ENABLE_TESTABILITY = YES;
				GCC_C_LANGUAGE_STANDARD = gnu11;
				GCC_DYNAMIC_NO_PIC = NO;
				GCC_NO_COMMON_BLOCKS = YES;
				GCC_OPTIMIZATION_LEVEL = 0;
				GCC_PREPROCESSOR_DEFINITIONS = (
					"DEBUG=1",
					"$(inherited)",
				);
				GCC_WARN_64_TO_32_BIT_CONVERSION = YES;
				GCC_WARN_ABOUT_RETURN_TYPE = YES_ERROR;
				GCC_WARN_UNDECLARED_SELECTOR = YES;
				GCC_WARN_UNINITIALIZED_AUTOS = YES_AGGRESSIVE;
				GCC_WARN_UNUSED_FUNCTION = YES;
				GCC_WARN_UNUSED_VARIABLE = YES;
				IPHONEOS_DEPLOYMENT_TARGET = 12.2;
				MTL_ENABLE_DEBUG_INFO = INCLUDE_SOURCE;
				MTL_FAST_MATH = YES;
				ONLY_ACTIVE_ARCH = YES;
				SDKROOT = iphoneos;
				SWIFT_ACTIVE_COMPILATION_CONDITIONS = DEBUG;
				SWIFT_OPTIMIZATION_LEVEL = "-Onone";
			};
			name = Debug;
		};
		2348450729B09A1B00B714B1 /* Release */ = {
			isa = XCBuildConfiguration;
			buildSettings = {
				ALWAYS_SEARCH_USER_PATHS = NO;
				CLANG_ANALYZER_NONNULL = YES;
				CLANG_ANALYZER_NUMBER_OBJECT_CONVERSION = YES_AGGRESSIVE;
				CLANG_CXX_LANGUAGE_STANDARD = "gnu++14";
				CLANG_CXX_LIBRARY = "libc++";
				CLANG_ENABLE_MODULES = YES;
				CLANG_ENABLE_OBJC_ARC = YES;
				CLANG_ENABLE_OBJC_WEAK = YES;
				CLANG_WARN_BLOCK_CAPTURE_AUTORELEASING = YES;
				CLANG_WARN_BOOL_CONVERSION = YES;
				CLANG_WARN_COMMA = YES;
				CLANG_WARN_CONSTANT_CONVERSION = YES;
				CLANG_WARN_DEPRECATED_OBJC_IMPLEMENTATIONS = YES;
				CLANG_WARN_DIRECT_OBJC_ISA_USAGE = YES_ERROR;
				CLANG_WARN_DOCUMENTATION_COMMENTS = YES;
				CLANG_WARN_EMPTY_BODY = YES;
				CLANG_WARN_ENUM_CONVERSION = YES;
				CLANG_WARN_INFINITE_RECURSION = YES;
				CLANG_WARN_INT_CONVERSION = YES;
				CLANG_WARN_NON_LITERAL_NULL_CONVERSION = YES;
				CLANG_WARN_OBJC_IMPLICIT_RETAIN_SELF = YES;
				CLANG_WARN_OBJC_LITERAL_CONVERSION = YES;
				CLANG_WARN_OBJC_ROOT_CLASS = YES_ERROR;
				CLANG_WARN_RANGE_LOOP_ANALYSIS = YES;
				CLANG_WARN_STRICT_PROTOTYPES = YES;
				CLANG_WARN_SUSPICIOUS_MOVE = YES;
				CLANG_WARN_UNGUARDED_AVAILABILITY = YES_AGGRESSIVE;
				CLANG_WARN_UNREACHABLE_CODE = YES;
				CLANG_WARN__DUPLICATE_METHOD_MATCH = YES;
				CODE_SIGN_IDENTITY = "iPhone Developer";
				COPY_PHASE_STRIP = NO;
				DEBUG_INFORMATION_FORMAT = "dwarf-with-dsym";
				ENABLE_NS_ASSERTIONS = NO;
				ENABLE_STRICT_OBJC_MSGSEND = YES;
				GCC_C_LANGUAGE_STANDARD = gnu11;
				GCC_NO_COMMON_BLOCKS = YES;
				GCC_WARN_64_TO_32_BIT_CONVERSION = YES;
				GCC_WARN_ABOUT_RETURN_TYPE = YES_ERROR;
				GCC_WARN_UNDECLARED_SELECTOR = YES;
				GCC_WARN_UNINITIALIZED_AUTOS = YES_AGGRESSIVE;
				GCC_WARN_UNUSED_FUNCTION = YES;
				GCC_WARN_UNUSED_VARIABLE = YES;
				IPHONEOS_DEPLOYMENT_TARGET = 12.2;
				MTL_ENABLE_DEBUG_INFO = NO;
				MTL_FAST_MATH = YES;
				SDKROOT = iphoneos;
				SWIFT_COMPILATION_MODE = wholemodule;
				SWIFT_OPTIMIZATION_LEVEL = "-O";
				VALIDATE_PRODUCT = YES;
			};
			name = Release;
		};
		2348450929B09A1B00B714B1 /* Debug */ = {
			isa = XCBuildConfiguration;
			buildSettings = {
				ASSETCATALOG_COMPILER_APPICON_NAME = AppIcon;
				CODE_SIGN_STYLE = Automatic;
				INFOPLIST_FILE = LiveAPILogin/Info.plist;
				LD_RUNPATH_SEARCH_PATHS = (
					"$(inherited)",
					"@executable_path/Frameworks",
				);
				PRODUCT_BUNDLE_IDENTIFIER = scs.LiveAPILogin;
				PRODUCT_NAME = "$(TARGET_NAME)";
				SWIFT_VERSION = 5.0;
				TARGETED_DEVICE_FAMILY = "1,2";
			};
			name = Debug;
		};
		2348450A29B09A1B00B714B1 /* Release */ = {
			isa = XCBuildConfiguration;
			buildSettings = {
				ASSETCATALOG_COMPILER_APPICON_NAME = AppIcon;
				CODE_SIGN_STYLE = Automatic;
				INFOPLIST_FILE = LiveAPILogin/Info.plist;
				LD_RUNPATH_SEARCH_PATHS = (
					"$(inherited)",
					"@executable_path/Frameworks",
				);
				PRODUCT_BUNDLE_IDENTIFIER = scs.LiveAPILogin;
				PRODUCT_NAME = "$(TARGET_NAME)";
				SWIFT_VERSION = 5.0;
				TARGETED_DEVICE_FAMILY = "1,2";
			};
			name = Release;
		};
/* End XCBuildConfiguration section */

/* Begin XCConfigurationList section */
		234844F129B09A1400B714B1 /* Build configuration list for PBXProject "LiveAPILogin" */ = {
			isa = XCConfigurationList;
			buildConfigurations = (
				2348450629B09A1B00B714B1 /* Debug */,
				2348450729B09A1B00B714B1 /* Release */,
			);
			defaultConfigurationIsVisible = 0;
			defaultConfigurationName = Release;
		};
		2348450829B09A1B00B714B1 /* Build configuration list for PBXNativeTarget "LiveAPILogin" */ = {
			isa = XCConfigurationList;
			buildConfigurations = (
				2348450929B09A1B00B714B1 /* Debug */,
				2348450A29B09A1B00B714B1 /* Release */,
			);
			defaultConfigurationIsVisible = 0;
			defaultConfigurationName = Release;
		};
/* End XCConfigurationList section */
	};
	rootObject = 234844EE29B09A1400B714B1 /* Project object */;
}
